PODS:
  - SwiftObserver (1.1.1):
    - SwiftyToolz (= 1.0.0)
  - SwiftyToolz (1.0.0)
  - UIObserver (0.0.1):
    - SwiftObserver (= 1.1.1)

DEPENDENCIES:
  - UIObserver

SPEC REPOS:
  https://github.com/CocoaPods/Specs.git:
    - SwiftObserver
    - SwiftyToolz
    - UIObserver

SPEC CHECKSUMS:
  SwiftObserver: ac31d88fa65d26940cabf15a77a07c0809ea274a
  SwiftyToolz: 593a3a1dd6e6a7f038efd87bca3d05b3cb0842f4
  UIObserver: f74b028548127d41e4b4b6c8d210fd90a5888df8

PODFILE CHECKSUM: 66d28bd183680087beee4e1d16d7c61ec195ac55

COCOAPODS: 1.5.0
